
Microsoft Visual Studio Solution File, Format Version 12.00
# Visual Studio Version 17
VisualStudioVersion = 17.7.34009.444
MinimumVisualStudioVersion = 10.0.40219.1
Project("{9A19103F-16F7-4668-BE54-9A1E7A4F7556}") = "ConsoleApp", "Console\ConsoleApp.csproj", "{D3AA593E-C908-40CF-91D7-B64329694441}"
EndProject
Project("{9A19103F-16F7-4668-BE54-9A1E7A4F7556}") = "Biblioteca", "Biblioteca\Biblioteca\Biblioteca.csproj", "{66C9AD07-BF08-416D-B603-B42128262A68}"
EndProject
Project("{FAE04EC0-301F-11D3-BF4B-00C04F79EFBC}") = "Teste", "Teste\Teste\Teste.csproj", "{4A9BBA0F-FF72-438A-B620-9F0E0E5BF073}"
EndProject
Global
	GlobalSection(SolutionConfigurationPlatforms) = preSolution
		Debug|Any CPU = Debug|Any CPU
		Release|Any CPU = Release|Any CPU
	EndGlobalSection
	GlobalSection(ProjectConfigurationPlatforms) = postSolution
		{D3AA593E-C908-40CF-91D7-B64329694441}.Debug|Any CPU.ActiveCfg = Debug|Any CPU
		{D3AA593E-C908-40CF-91D7-B64329694441}.Debug|Any CPU.Build.0 = Debug|Any CPU
		{D3AA593E-C908-40CF-91D7-B64329694441}.Release|Any CPU.ActiveCfg = Release|Any CPU
		{D3AA593E-C908-40CF-91D7-B64329694441}.Release|Any CPU.Build.0 = Release|Any CPU
		{66C9AD07-BF08-416D-B603-B42128262A68}.Debug|Any CPU.ActiveCfg = Debug|Any CPU
		{66C9AD07-BF08-416D-B603-B42128262A68}.Debug|Any CPU.Build.0 = Debug|Any CPU
		{66C9AD07-BF08-416D-B603-B42128262A68}.Release|Any CPU.ActiveCfg = Release|Any CPU
		{66C9AD07-BF08-416D-B603-B42128262A68}.Release|Any CPU.Build.0 = Release|Any CPU
		{4A9BBA0F-FF72-438A-B620-9F0E0E5BF073}.Debug|Any CPU.ActiveCfg = Debug|Any CPU
		{4A9BBA0F-FF72-438A-B620-9F0E0E5BF073}.Debug|Any CPU.Build.0 = Debug|Any CPU
		{4A9BBA0F-FF72-438A-B620-9F0E0E5BF073}.Release|Any CPU.ActiveCfg = Release|Any CPU
		{4A9BBA0F-FF72-438A-B620-9F0E0E5BF073}.Release|Any CPU.Build.0 = Release|Any CPU
	EndGlobalSection
	GlobalSection(SolutionProperties) = preSolution
		HideSolutionNode = FALSE
	EndGlobalSection
	GlobalSection(ExtensibilityGlobals) = postSolution
		SolutionGuid = {3180145C-F268-4785-B20D-925A79DC29ED}
	EndGlobalSection
EndGlobal
